
Microsoft Visual Studio Solution File, Format Version 12.00
# Visual Studio 15
Project("{FAE04EC0-301F-11D3-BF4B-00C04F79EFBC}") = "Assembly-CSharp", "Assembly-CSharp.csproj", "{23640E90-5D30-D2D6-3D8A-D0F9CD723178}"
EndProject
Project("{FAE04EC0-301F-11D3-BF4B-00C04F79EFBC}") = "Assembly-CSharp-Editor", "Assembly-CSharp-Editor.csproj", "{27C28B7E-C236-D165-A334-8F4740CEC869}"
EndProject
Global
	GlobalSection(SolutionConfigurationPlatforms) = preSolution
		Debug|Any CPU = Debug|Any CPU
		Release|Any CPU = Release|Any CPU
	EndGlobalSection
	GlobalSection(ProjectConfigurationPlatforms) = postSolution
		{23640E90-5D30-D2D6-3D8A-D0F9CD723178}.Debug|Any CPU.ActiveCfg = Debug|Any CPU
		{23640E90-5D30-D2D6-3D8A-D0F9CD723178}.Debug|Any CPU.Build.0 = Debug|Any CPU
		{23640E90-5D30-D2D6-3D8A-D0F9CD723178}.Release|Any CPU.ActiveCfg = Release|Any CPU
		{23640E90-5D30-D2D6-3D8A-D0F9CD723178}.Release|Any CPU.Build.0 = Release|Any CPU
		{27C28B7E-C236-D165-A334-8F4740CEC869}.Debug|Any CPU.ActiveCfg = Debug|Any CPU
		{27C28B7E-C236-D165-A334-8F4740CEC869}.Debug|Any CPU.Build.0 = Debug|Any CPU
		{27C28B7E-C236-D165-A334-8F4740CEC869}.Release|Any CPU.ActiveCfg = Release|Any CPU
		{27C28B7E-C236-D165-A334-8F4740CEC869}.Release|Any CPU.Build.0 = Release|Any CPU
	EndGlobalSection
	GlobalSection(SolutionProperties) = preSolution
		HideSolutionNode = FALSE
	EndGlobalSection
EndGlobal
